
Microsoft Visual Studio Solution File, Format Version 12.00
# Visual Studio Version 17
VisualStudioVersion = 17.5.33502.453
MinimumVisualStudioVersion = 10.0.40219.1
Project("{FAE04EC0-301F-11D3-BF4B-00C04F79EFBC}") = "Happy Holidays With User Input", "Loops\Happy Holidays With User Input.csproj", "{107C7D98-6FE9-4454-8C90-B44F69A85AAD}"
EndProject
Global
	GlobalSection(SolutionConfigurationPlatforms) = preSolution
		Debug|Any CPU = Debug|Any CPU
		Release|Any CPU = Release|Any CPU
	EndGlobalSection
	GlobalSection(ProjectConfigurationPlatforms) = postSolution
		{107C7D98-6FE9-4454-8C90-B44F69A85AAD}.Debug|Any CPU.ActiveCfg = Debug|Any CPU
		{107C7D98-6FE9-4454-8C90-B44F69A85AAD}.Debug|Any CPU.Build.0 = Debug|Any CPU
		{107C7D98-6FE9-4454-8C90-B44F69A85AAD}.Release|Any CPU.ActiveCfg = Release|Any CPU
		{107C7D98-6FE9-4454-8C90-B44F69A85AAD}.Release|Any CPU.Build.0 = Release|Any CPU
	EndGlobalSection
	GlobalSection(SolutionProperties) = preSolution
		HideSolutionNode = FALSE
	EndGlobalSection
	GlobalSection(ExtensibilityGlobals) = postSolution
		SolutionGuid = {8F5C144C-6072-4DC2-9FCD-A71E7BD6B601}
	EndGlobalSection
EndGlobal
