
Microsoft Visual Studio Solution File, Format Version 12.00
# Visual Studio Version 17
VisualStudioVersion = 17.5.33502.453
MinimumVisualStudioVersion = 10.0.40219.1
Project("{FAE04EC0-301F-11D3-BF4B-00C04F79EFBC}") = "quiz", "quiz\quiz.csproj", "{B43E3C68-8D64-4071-BD18-AEFDC854FEF3}"
EndProject
Global
	GlobalSection(SolutionConfigurationPlatforms) = preSolution
		Debug|Any CPU = Debug|Any CPU
		Release|Any CPU = Release|Any CPU
	EndGlobalSection
	GlobalSection(ProjectConfigurationPlatforms) = postSolution
		{B43E3C68-8D64-4071-BD18-AEFDC854FEF3}.Debug|Any CPU.ActiveCfg = Debug|Any CPU
		{B43E3C68-8D64-4071-BD18-AEFDC854FEF3}.Debug|Any CPU.Build.0 = Debug|Any CPU
		{B43E3C68-8D64-4071-BD18-AEFDC854FEF3}.Release|Any CPU.ActiveCfg = Release|Any CPU
		{B43E3C68-8D64-4071-BD18-AEFDC854FEF3}.Release|Any CPU.Build.0 = Release|Any CPU
	EndGlobalSection
	GlobalSection(SolutionProperties) = preSolution
		HideSolutionNode = FALSE
	EndGlobalSection
	GlobalSection(ExtensibilityGlobals) = postSolution
		SolutionGuid = {AC028B67-4F2E-416B-A129-5EFE786817DD}
	EndGlobalSection
EndGlobal
