
Microsoft Visual Studio Solution File, Format Version 12.00
# Visual Studio Version 17
VisualStudioVersion = 17.7.34221.43
MinimumVisualStudioVersion = 10.0.40219.1
Project("{FAE04EC0-301F-11D3-BF4B-00C04F79EFBC}") = "Sorting Algorithms", "Sorting Algorithms\Sorting Algorithms.csproj", "{50E8DDC9-A46F-419B-AFF9-CC3AB7D41757}"
EndProject
Global
	GlobalSection(SolutionConfigurationPlatforms) = preSolution
		Debug|Any CPU = Debug|Any CPU
		Release|Any CPU = Release|Any CPU
	EndGlobalSection
	GlobalSection(ProjectConfigurationPlatforms) = postSolution
		{50E8DDC9-A46F-419B-AFF9-CC3AB7D41757}.Debug|Any CPU.ActiveCfg = Debug|Any CPU
		{50E8DDC9-A46F-419B-AFF9-CC3AB7D41757}.Debug|Any CPU.Build.0 = Debug|Any CPU
		{50E8DDC9-A46F-419B-AFF9-CC3AB7D41757}.Release|Any CPU.ActiveCfg = Release|Any CPU
		{50E8DDC9-A46F-419B-AFF9-CC3AB7D41757}.Release|Any CPU.Build.0 = Release|Any CPU
	EndGlobalSection
	GlobalSection(SolutionProperties) = preSolution
		HideSolutionNode = FALSE
	EndGlobalSection
	GlobalSection(ExtensibilityGlobals) = postSolution
		SolutionGuid = {4577ACBC-94F8-403B-B7EF-6810A9E77D13}
	EndGlobalSection
EndGlobal
