
Microsoft Visual Studio Solution File, Format Version 12.00
# Visual Studio Version 17
VisualStudioVersion = 17.8.34330.188
MinimumVisualStudioVersion = 10.0.40219.1
Project("{FAE04EC0-301F-11D3-BF4B-00C04F79EFBC}") = "Task 19 XML File", "Task 19 XML File.csproj", "{FAA5D283-C327-43E1-9ADF-A9E8F7F8F9F8}"
EndProject
Global
	GlobalSection(SolutionConfigurationPlatforms) = preSolution
		Debug|Any CPU = Debug|Any CPU
		Release|Any CPU = Release|Any CPU
	EndGlobalSection
	GlobalSection(ProjectConfigurationPlatforms) = postSolution
		{FAA5D283-C327-43E1-9ADF-A9E8F7F8F9F8}.Debug|Any CPU.ActiveCfg = Debug|Any CPU
		{FAA5D283-C327-43E1-9ADF-A9E8F7F8F9F8}.Debug|Any CPU.Build.0 = Debug|Any CPU
		{FAA5D283-C327-43E1-9ADF-A9E8F7F8F9F8}.Release|Any CPU.ActiveCfg = Release|Any CPU
		{FAA5D283-C327-43E1-9ADF-A9E8F7F8F9F8}.Release|Any CPU.Build.0 = Release|Any CPU
	EndGlobalSection
	GlobalSection(SolutionProperties) = preSolution
		HideSolutionNode = FALSE
	EndGlobalSection
	GlobalSection(ExtensibilityGlobals) = postSolution
		SolutionGuid = {75F2CEF8-7D15-42B9-AAB0-CC7F75EB0874}
	EndGlobalSection
EndGlobal
