
Microsoft Visual Studio Solution File, Format Version 12.00
# Visual Studio Version 17
VisualStudioVersion = 17.7.34221.43
MinimumVisualStudioVersion = 10.0.40219.1
Project("{FAE04EC0-301F-11D3-BF4B-00C04F79EFBC}") = "xml file example", "xml file example\xml file example.csproj", "{666FB4AE-7145-4DDB-A227-E18A3D6464A4}"
EndProject
Global
	GlobalSection(SolutionConfigurationPlatforms) = preSolution
		Debug|Any CPU = Debug|Any CPU
		Release|Any CPU = Release|Any CPU
	EndGlobalSection
	GlobalSection(ProjectConfigurationPlatforms) = postSolution
		{666FB4AE-7145-4DDB-A227-E18A3D6464A4}.Debug|Any CPU.ActiveCfg = Debug|Any CPU
		{666FB4AE-7145-4DDB-A227-E18A3D6464A4}.Debug|Any CPU.Build.0 = Debug|Any CPU
		{666FB4AE-7145-4DDB-A227-E18A3D6464A4}.Release|Any CPU.ActiveCfg = Release|Any CPU
		{666FB4AE-7145-4DDB-A227-E18A3D6464A4}.Release|Any CPU.Build.0 = Release|Any CPU
	EndGlobalSection
	GlobalSection(SolutionProperties) = preSolution
		HideSolutionNode = FALSE
	EndGlobalSection
	GlobalSection(ExtensibilityGlobals) = postSolution
		SolutionGuid = {5597E6AB-92F3-4EB1-9D35-53F47DE5A8EB}
	EndGlobalSection
EndGlobal
