
Microsoft Visual Studio Solution File, Format Version 12.00
# Visual Studio Version 17
VisualStudioVersion = 17.8.34330.188
MinimumVisualStudioVersion = 10.0.40219.1
Project("{FAE04EC0-301F-11D3-BF4B-00C04F79EFBC}") = "Login App", "Login App.csproj", "{559C1CC8-124C-4D77-A307-3D0E8D439A77}"
EndProject
Global
	GlobalSection(SolutionConfigurationPlatforms) = preSolution
		Debug|Any CPU = Debug|Any CPU
		Release|Any CPU = Release|Any CPU
	EndGlobalSection
	GlobalSection(ProjectConfigurationPlatforms) = postSolution
		{559C1CC8-124C-4D77-A307-3D0E8D439A77}.Debug|Any CPU.ActiveCfg = Debug|Any CPU
		{559C1CC8-124C-4D77-A307-3D0E8D439A77}.Debug|Any CPU.Build.0 = Debug|Any CPU
		{559C1CC8-124C-4D77-A307-3D0E8D439A77}.Release|Any CPU.ActiveCfg = Release|Any CPU
		{559C1CC8-124C-4D77-A307-3D0E8D439A77}.Release|Any CPU.Build.0 = Release|Any CPU
	EndGlobalSection
	GlobalSection(SolutionProperties) = preSolution
		HideSolutionNode = FALSE
	EndGlobalSection
	GlobalSection(ExtensibilityGlobals) = postSolution
		SolutionGuid = {38E7A0E4-026C-4797-ACB2-2CD404AC210B}
	EndGlobalSection
EndGlobal
