
Microsoft Visual Studio Solution File, Format Version 12.00
# Visual Studio Version 17
VisualStudioVersion = 17.8.34330.188
MinimumVisualStudioVersion = 10.0.40219.1
Project("{FAE04EC0-301F-11D3-BF4B-00C04F79EFBC}") = "Linear name search", "Linear name search.csproj", "{FAB73DDE-B1A9-4123-84E0-C06313A454DB}"
EndProject
Global
	GlobalSection(SolutionConfigurationPlatforms) = preSolution
		Debug|Any CPU = Debug|Any CPU
		Release|Any CPU = Release|Any CPU
	EndGlobalSection
	GlobalSection(ProjectConfigurationPlatforms) = postSolution
		{FAB73DDE-B1A9-4123-84E0-C06313A454DB}.Debug|Any CPU.ActiveCfg = Debug|Any CPU
		{FAB73DDE-B1A9-4123-84E0-C06313A454DB}.Debug|Any CPU.Build.0 = Debug|Any CPU
		{FAB73DDE-B1A9-4123-84E0-C06313A454DB}.Release|Any CPU.ActiveCfg = Release|Any CPU
		{FAB73DDE-B1A9-4123-84E0-C06313A454DB}.Release|Any CPU.Build.0 = Release|Any CPU
	EndGlobalSection
	GlobalSection(SolutionProperties) = preSolution
		HideSolutionNode = FALSE
	EndGlobalSection
	GlobalSection(ExtensibilityGlobals) = postSolution
		SolutionGuid = {7958D5B2-AA99-4E15-8C27-0BE0BC6DB33D}
	EndGlobalSection
EndGlobal
