
Microsoft Visual Studio Solution File, Format Version 12.00
# Visual Studio Version 17
VisualStudioVersion = 17.7.34221.43
MinimumVisualStudioVersion = 10.0.40219.1
Project("{FAE04EC0-301F-11D3-BF4B-00C04F79EFBC}") = "Arrays_Example", "Arrays_Example\Arrays_Example.csproj", "{6656079B-55F1-47FD-AB00-7C220B59301B}"
EndProject
Global
	GlobalSection(SolutionConfigurationPlatforms) = preSolution
		Debug|Any CPU = Debug|Any CPU
		Release|Any CPU = Release|Any CPU
	EndGlobalSection
	GlobalSection(ProjectConfigurationPlatforms) = postSolution
		{6656079B-55F1-47FD-AB00-7C220B59301B}.Debug|Any CPU.ActiveCfg = Debug|Any CPU
		{6656079B-55F1-47FD-AB00-7C220B59301B}.Debug|Any CPU.Build.0 = Debug|Any CPU
		{6656079B-55F1-47FD-AB00-7C220B59301B}.Release|Any CPU.ActiveCfg = Release|Any CPU
		{6656079B-55F1-47FD-AB00-7C220B59301B}.Release|Any CPU.Build.0 = Release|Any CPU
	EndGlobalSection
	GlobalSection(SolutionProperties) = preSolution
		HideSolutionNode = FALSE
	EndGlobalSection
	GlobalSection(ExtensibilityGlobals) = postSolution
		SolutionGuid = {B5D98944-CA65-430C-A426-DE0B87B0D4D6}
	EndGlobalSection
EndGlobal
