
Microsoft Visual Studio Solution File, Format Version 12.00
# Visual Studio Version 17
VisualStudioVersion = 17.8.34330.188
MinimumVisualStudioVersion = 10.0.40219.1
Project("{FAE04EC0-301F-11D3-BF4B-00C04F79EFBC}") = "Jims Seed Collection", "Jims Seed Collection.csproj", "{DC759E93-266C-49A1-90CA-9E6DBCB84E73}"
EndProject
Global
	GlobalSection(SolutionConfigurationPlatforms) = preSolution
		Debug|Any CPU = Debug|Any CPU
		Release|Any CPU = Release|Any CPU
	EndGlobalSection
	GlobalSection(ProjectConfigurationPlatforms) = postSolution
		{DC759E93-266C-49A1-90CA-9E6DBCB84E73}.Debug|Any CPU.ActiveCfg = Debug|Any CPU
		{DC759E93-266C-49A1-90CA-9E6DBCB84E73}.Debug|Any CPU.Build.0 = Debug|Any CPU
		{DC759E93-266C-49A1-90CA-9E6DBCB84E73}.Release|Any CPU.ActiveCfg = Release|Any CPU
		{DC759E93-266C-49A1-90CA-9E6DBCB84E73}.Release|Any CPU.Build.0 = Release|Any CPU
	EndGlobalSection
	GlobalSection(SolutionProperties) = preSolution
		HideSolutionNode = FALSE
	EndGlobalSection
	GlobalSection(ExtensibilityGlobals) = postSolution
		SolutionGuid = {8DF41E18-C795-427C-AB3A-E488F2957E9F}
	EndGlobalSection
EndGlobal
