
Microsoft Visual Studio Solution File, Format Version 12.00
# Visual Studio Version 17
VisualStudioVersion = 17.5.33502.453
MinimumVisualStudioVersion = 10.0.40219.1
Project("{FAE04EC0-301F-11D3-BF4B-00C04F79EFBC}") = "Hello World", "Hello World\Hello World.csproj", "{1CEE1541-4B1E-4A49-974B-7CBE87BE2DC2}"
EndProject
Global
	GlobalSection(SolutionConfigurationPlatforms) = preSolution
		Debug|Any CPU = Debug|Any CPU
		Release|Any CPU = Release|Any CPU
	EndGlobalSection
	GlobalSection(ProjectConfigurationPlatforms) = postSolution
		{1CEE1541-4B1E-4A49-974B-7CBE87BE2DC2}.Debug|Any CPU.ActiveCfg = Debug|Any CPU
		{1CEE1541-4B1E-4A49-974B-7CBE87BE2DC2}.Debug|Any CPU.Build.0 = Debug|Any CPU
		{1CEE1541-4B1E-4A49-974B-7CBE87BE2DC2}.Release|Any CPU.ActiveCfg = Release|Any CPU
		{1CEE1541-4B1E-4A49-974B-7CBE87BE2DC2}.Release|Any CPU.Build.0 = Release|Any CPU
	EndGlobalSection
	GlobalSection(SolutionProperties) = preSolution
		HideSolutionNode = FALSE
	EndGlobalSection
	GlobalSection(ExtensibilityGlobals) = postSolution
		SolutionGuid = {9541ABF1-BC2D-4761-AD6A-B9DBBA113713}
	EndGlobalSection
EndGlobal
